
Microsoft Visual Studio Solution File, Format Version 12.00
# Visual Studio Version 16
VisualStudioVersion = 16.0.30114.105
MinimumVisualStudioVersion = 10.0.40219.1
Project("{FAE04EC0-301F-11D3-BF4B-00C04F79EFBC}") = "WpfApp1", "WpfApp1\WpfApp1.csproj", "{196C2ED0-4D3A-4D16-81F1-C4B5E34EB335}"
EndProject
Global
	GlobalSection(SolutionConfigurationPlatforms) = preSolution
		Debug|Any CPU = Debug|Any CPU
		Release|Any CPU = Release|Any CPU
	EndGlobalSection
	GlobalSection(ProjectConfigurationPlatforms) = postSolution
		{196C2ED0-4D3A-4D16-81F1-C4B5E34EB335}.Debug|Any CPU.ActiveCfg = Debug|Any CPU
		{196C2ED0-4D3A-4D16-81F1-C4B5E34EB335}.Debug|Any CPU.Build.0 = Debug|Any CPU
		{196C2ED0-4D3A-4D16-81F1-C4B5E34EB335}.Release|Any CPU.ActiveCfg = Release|Any CPU
		{196C2ED0-4D3A-4D16-81F1-C4B5E34EB335}.Release|Any CPU.Build.0 = Release|Any CPU
	EndGlobalSection
	GlobalSection(SolutionProperties) = preSolution
		HideSolutionNode = FALSE
	EndGlobalSection
	GlobalSection(ExtensibilityGlobals) = postSolution
		SolutionGuid = {15B53AE4-8610-4CA6-A2B4-EF9FA9A54EAD}
	EndGlobalSection
EndGlobal
